{
    "version": 3,
    "terraform_version": "0.11.8",
    "serial": 1,
    "lineage": "9b342ab4-d59d-48ce-6657-936c78febb6b",
    "modules": [
        {
            "path": [
                "root"
            ],
            "outputs": {},
            "resources": {
                "github_repository.api": {
                    "type": "github_repository",
                    "depends_on": [],
                    "primary": {
                        "id": "api",
                        "attributes": {
                            "allow_merge_commit": "true",
                            "allow_rebase_merge": "true",
                            "allow_squash_merge": "true",
                            "archived": "false",
                            "default_branch": "master",
                            "description": "The API",
                            "etag": "W/\"afacac60831f6cbc90913699c7032f54\"",
                            "full_name": "Markerzzzz/api",
                            "git_clone_url": "git://github.com/Markerzzzz/api.git",
                            "has_downloads": "false",
                            "has_issues": "false",
                            "has_wiki": "false",
                            "homepage_url": "",
                            "html_url": "https://github.com/Markerzzzz/api",
                            "http_clone_url": "https://github.com/Markerzzzz/api.git",
                            "id": "api",
                            "name": "api",
                            "private": "false",
                            "ssh_clone_url": "git@github.com:Markerzzzz/api.git",
                            "svn_url": "https://github.com/Markerzzzz/api",
                            "topics.#": "0"
                        },
                        "meta": {},
                        "tainted": false
                    },
                    "deposed": [],
                    "provider": "provider.github"
                },
                "github_repository.frontend": {
                    "type": "github_repository",
                    "depends_on": [],
                    "primary": {
                        "id": "frontend",
                        "attributes": {
                            "allow_merge_commit": "true",
                            "allow_rebase_merge": "true",
                            "allow_squash_merge": "true",
                            "archived": "false",
                            "default_branch": "master",
                            "description": "Front end application",
                            "etag": "W/\"9dc3bd204dfb14f857d73704b51013c8\"",
                            "full_name": "Markerzzzz/frontend",
                            "git_clone_url": "git://github.com/Markerzzzz/frontend.git",
                            "has_downloads": "false",
                            "has_issues": "false",
                            "has_wiki": "false",
                            "homepage_url": "",
                            "html_url": "https://github.com/Markerzzzz/frontend",
                            "http_clone_url": "https://github.com/Markerzzzz/frontend.git",
                            "id": "frontend",
                            "name": "frontend",
                            "private": "false",
                            "ssh_clone_url": "git@github.com:Markerzzzz/frontend.git",
                            "svn_url": "https://github.com/Markerzzzz/frontend",
                            "topics.#": "0"
                        },
                        "meta": {},
                        "tainted": false
                    },
                    "deposed": [],
                    "provider": "provider.github"
                },
                "github_repository.server": {
                    "type": "github_repository",
                    "depends_on": [],
                    "primary": {
                        "id": "backend",
                        "attributes": {
                            "allow_merge_commit": "true",
                            "allow_rebase_merge": "true",
                            "allow_squash_merge": "true",
                            "archived": "false",
                            "default_branch": "master",
                            "description": "Back end application",
                            "etag": "W/\"8defa1b9dded672133260bf2a9696293\"",
                            "full_name": "Markerzzzz/backend",
                            "git_clone_url": "git://github.com/Markerzzzz/backend.git",
                            "has_downloads": "false",
                            "has_issues": "false",
                            "has_wiki": "false",
                            "homepage_url": "",
                            "html_url": "https://github.com/Markerzzzz/backend",
                            "http_clone_url": "https://github.com/Markerzzzz/backend.git",
                            "id": "backend",
                            "name": "backend",
                            "private": "false",
                            "ssh_clone_url": "git@github.com:Markerzzzz/backend.git",
                            "svn_url": "https://github.com/Markerzzzz/backend",
                            "topics.#": "0"
                        },
                        "meta": {},
                        "tainted": false
                    },
                    "deposed": [],
                    "provider": "provider.github"
                },
                "github_team.theclass": {
                    "type": "github_team",
                    "depends_on": [],
                    "primary": {
                        "id": "2921195",
                        "attributes": {
                            "description": "The students and teacher of the class",
                            "etag": "W/\"b584d4e180490091f9a26fec9be569c8\"",
                            "id": "2921195",
                            "ldap_dn": "",
                            "name": "pgr301class",
                            "privacy": "secret",
                            "slug": "pgr301class"
                        },
                        "meta": {},
                        "tainted": false
                    },
                    "deposed": [],
                    "provider": "provider.github"
                },
                "github_team_membership.minimarker": {
                    "type": "github_team_membership",
                    "depends_on": [
                        "github_team.theclass"
                    ],
                    "primary": {
                        "id": "2921195:minimarker",
                        "attributes": {
                            "etag": "W/\"416e270ed2f87a9acd2f924003f21d66\"",
                            "id": "2921195:minimarker",
                            "role": "maintainer",
                            "team_id": "2921195",
                            "username": "MiniMarker"
                        },
                        "meta": {},
                        "tainted": false
                    },
                    "deposed": [],
                    "provider": "provider.github"
                }
            },
            "depends_on": []
        }
    ]
}
